
Microsoft Visual Studio Solution File, Format Version 12.00
# Visual Studio Version 17
VisualStudioVersion = 17.4.33403.182
MinimumVisualStudioVersion = 10.0.40219.1
Project("{9A19103F-16F7-4668-BE54-9A1E7A4F7556}") = "TaskProcessor.Api", "src\api\TaskProcessor.Api.csproj", "{A54C4A1E-523C-4246-A671-FF2F5903BF84}"
EndProject
Project("{9A19103F-16F7-4668-BE54-9A1E7A4F7556}") = "TaskProcessor.Core", "src\core\TaskProcessor.Core.csproj", "{18E623B3-82D3-42BF-A543-B15EC8698EC9}"
EndProject
Project("{2150E333-8FDC-42A3-9474-1A3956D46DE8}") = "src", "src", "{24A1C81C-A92B-4E77-915E-F60AD1FD3934}"
EndProject
Project("{9A19103F-16F7-4668-BE54-9A1E7A4F7556}") = "TaskProcessor.Infrastructure", "src\infrastructure\TaskProcessor.Infrastructure.csproj", "{A56FFCE2-0EBE-42F9-A499-8D15CED8B69E}"
EndProject
Project("{9A19103F-16F7-4668-BE54-9A1E7A4F7556}") = "TaskProcessor.Presentation", "src\presentation\TaskProcessor.Presentation.csproj", "{4999BD66-4EC1-460C-963E-BE093AF39143}"
EndProject
Project("{2150E333-8FDC-42A3-9474-1A3956D46DE8}") = "Solution Items", "Solution Items", "{0ABBDD45-7360-4E95-8B8D-F8A998F8B443}"
	ProjectSection(SolutionItems) = preProject
		.gitignore = .gitignore
		Directory.Build.props = Directory.Build.props
		Directory.Packages.props = Directory.Packages.props
		global.json = global.json
		LICENSE = LICENSE
		README.md = README.md
	EndProjectSection
EndProject
Global
	GlobalSection(SolutionConfigurationPlatforms) = preSolution
		Debug|Any CPU = Debug|Any CPU
		Release|Any CPU = Release|Any CPU
	EndGlobalSection
	GlobalSection(ProjectConfigurationPlatforms) = postSolution
		{A54C4A1E-523C-4246-A671-FF2F5903BF84}.Debug|Any CPU.ActiveCfg = Debug|Any CPU
		{A54C4A1E-523C-4246-A671-FF2F5903BF84}.Debug|Any CPU.Build.0 = Debug|Any CPU
		{A54C4A1E-523C-4246-A671-FF2F5903BF84}.Release|Any CPU.ActiveCfg = Release|Any CPU
		{A54C4A1E-523C-4246-A671-FF2F5903BF84}.Release|Any CPU.Build.0 = Release|Any CPU
		{18E623B3-82D3-42BF-A543-B15EC8698EC9}.Debug|Any CPU.ActiveCfg = Debug|Any CPU
		{18E623B3-82D3-42BF-A543-B15EC8698EC9}.Debug|Any CPU.Build.0 = Debug|Any CPU
		{18E623B3-82D3-42BF-A543-B15EC8698EC9}.Release|Any CPU.ActiveCfg = Release|Any CPU
		{18E623B3-82D3-42BF-A543-B15EC8698EC9}.Release|Any CPU.Build.0 = Release|Any CPU
		{A56FFCE2-0EBE-42F9-A499-8D15CED8B69E}.Debug|Any CPU.ActiveCfg = Debug|Any CPU
		{A56FFCE2-0EBE-42F9-A499-8D15CED8B69E}.Debug|Any CPU.Build.0 = Debug|Any CPU
		{A56FFCE2-0EBE-42F9-A499-8D15CED8B69E}.Release|Any CPU.ActiveCfg = Release|Any CPU
		{A56FFCE2-0EBE-42F9-A499-8D15CED8B69E}.Release|Any CPU.Build.0 = Release|Any CPU
		{4999BD66-4EC1-460C-963E-BE093AF39143}.Debug|Any CPU.ActiveCfg = Debug|Any CPU
		{4999BD66-4EC1-460C-963E-BE093AF39143}.Debug|Any CPU.Build.0 = Debug|Any CPU
		{4999BD66-4EC1-460C-963E-BE093AF39143}.Release|Any CPU.ActiveCfg = Release|Any CPU
		{4999BD66-4EC1-460C-963E-BE093AF39143}.Release|Any CPU.Build.0 = Release|Any CPU
	EndGlobalSection
	GlobalSection(SolutionProperties) = preSolution
		HideSolutionNode = FALSE
	EndGlobalSection
	GlobalSection(NestedProjects) = preSolution
		{A54C4A1E-523C-4246-A671-FF2F5903BF84} = {24A1C81C-A92B-4E77-915E-F60AD1FD3934}
		{18E623B3-82D3-42BF-A543-B15EC8698EC9} = {24A1C81C-A92B-4E77-915E-F60AD1FD3934}
		{A56FFCE2-0EBE-42F9-A499-8D15CED8B69E} = {24A1C81C-A92B-4E77-915E-F60AD1FD3934}
		{4999BD66-4EC1-460C-963E-BE093AF39143} = {24A1C81C-A92B-4E77-915E-F60AD1FD3934}
	EndGlobalSection
	GlobalSection(ExtensibilityGlobals) = postSolution
		SolutionGuid = {AF1F0263-4362-4859-BD75-F71669A160E0}
	EndGlobalSection
EndGlobal
