
Microsoft Visual Studio Solution File, Format Version 12.00
# Visual Studio Version 17
VisualStudioVersion = 17.4.33403.182
MinimumVisualStudioVersion = 10.0.40219.1
Project("{2150E333-8FDC-42A3-9474-1A3956D46DE8}") = "Solution Items", "Solution Items", "{0ABBDD45-7360-4E95-8B8D-F8A998F8B443}"
	ProjectSection(SolutionItems) = preProject
		.gitignore = .gitignore
		Directory.Build.props = Directory.Build.props
		Directory.Packages.props = Directory.Packages.props
		global.json = global.json
		LICENSE = LICENSE
		README.md = README.md
	EndProjectSection
EndProject
Project("{2150E333-8FDC-42A3-9474-1A3956D46DE8}") = "sample", "sample", "{59A52361-1C48-4032-9E6E-DA1FE08FBA70}"
EndProject
Project("{2150E333-8FDC-42A3-9474-1A3956D46DE8}") = "src", "src", "{4BEA77B4-1C8E-43FA-B782-03E81E709066}"
EndProject
Project("{9A19103F-16F7-4668-BE54-9A1E7A4F7556}") = "TaskProcessor.Infrastructure", "sample\infrastructure\TaskProcessor.Infrastructure.csproj", "{F5608A75-348E-4815-9BB3-6D40A0357940}"
EndProject
Project("{9A19103F-16F7-4668-BE54-9A1E7A4F7556}") = "TaskProcessor.Api", "sample\api\TaskProcessor.Api.csproj", "{4228D1F9-AF1D-4857-B8FF-4F1D9CE0B74C}"
EndProject
Project("{9A19103F-16F7-4668-BE54-9A1E7A4F7556}") = "TaskProcessor.Presentation", "sample\presentation\TaskProcessor.Presentation.csproj", "{33B221A9-A490-4F3D-BF2A-C09F2D5D8AA8}"
EndProject
Project("{9A19103F-16F7-4668-BE54-9A1E7A4F7556}") = "TaskProcessor.UnitTests", "sample\tests\unit\TaskProcessor.UnitTests.csproj", "{1FAD522E-CD5B-425D-8AF8-D47E6E045F6C}"
EndProject
Project("{9A19103F-16F7-4668-BE54-9A1E7A4F7556}") = "TaskProcessor.Domain", "sample\domain\TaskProcessor.Domain.csproj", "{033E694D-D1CC-4D49-96D7-F5D9B3834022}"
EndProject
Project("{9A19103F-16F7-4668-BE54-9A1E7A4F7556}") = "TaskProcessor", "src\TaskProcessor.csproj", "{3C9A2897-2B97-4537-B045-FC763635D225}"
EndProject
Project("{9A19103F-16F7-4668-BE54-9A1E7A4F7556}") = "TaskProcessor.UnitTests", "test\TaskProcessor.UnitTests.csproj", "{21973C0C-1990-43CC-A933-23D2A39C0CCF}"
EndProject
Global
	GlobalSection(SolutionConfigurationPlatforms) = preSolution
		Debug|Any CPU = Debug|Any CPU
		Release|Any CPU = Release|Any CPU
	EndGlobalSection
	GlobalSection(ProjectConfigurationPlatforms) = postSolution
		{F5608A75-348E-4815-9BB3-6D40A0357940}.Debug|Any CPU.ActiveCfg = Debug|Any CPU
		{F5608A75-348E-4815-9BB3-6D40A0357940}.Debug|Any CPU.Build.0 = Debug|Any CPU
		{F5608A75-348E-4815-9BB3-6D40A0357940}.Release|Any CPU.ActiveCfg = Release|Any CPU
		{F5608A75-348E-4815-9BB3-6D40A0357940}.Release|Any CPU.Build.0 = Release|Any CPU
		{4228D1F9-AF1D-4857-B8FF-4F1D9CE0B74C}.Debug|Any CPU.ActiveCfg = Debug|Any CPU
		{4228D1F9-AF1D-4857-B8FF-4F1D9CE0B74C}.Debug|Any CPU.Build.0 = Debug|Any CPU
		{4228D1F9-AF1D-4857-B8FF-4F1D9CE0B74C}.Release|Any CPU.ActiveCfg = Release|Any CPU
		{4228D1F9-AF1D-4857-B8FF-4F1D9CE0B74C}.Release|Any CPU.Build.0 = Release|Any CPU
		{33B221A9-A490-4F3D-BF2A-C09F2D5D8AA8}.Debug|Any CPU.ActiveCfg = Debug|Any CPU
		{33B221A9-A490-4F3D-BF2A-C09F2D5D8AA8}.Debug|Any CPU.Build.0 = Debug|Any CPU
		{33B221A9-A490-4F3D-BF2A-C09F2D5D8AA8}.Release|Any CPU.ActiveCfg = Release|Any CPU
		{33B221A9-A490-4F3D-BF2A-C09F2D5D8AA8}.Release|Any CPU.Build.0 = Release|Any CPU
		{1FAD522E-CD5B-425D-8AF8-D47E6E045F6C}.Debug|Any CPU.ActiveCfg = Debug|Any CPU
		{1FAD522E-CD5B-425D-8AF8-D47E6E045F6C}.Debug|Any CPU.Build.0 = Debug|Any CPU
		{1FAD522E-CD5B-425D-8AF8-D47E6E045F6C}.Release|Any CPU.ActiveCfg = Release|Any CPU
		{1FAD522E-CD5B-425D-8AF8-D47E6E045F6C}.Release|Any CPU.Build.0 = Release|Any CPU
		{033E694D-D1CC-4D49-96D7-F5D9B3834022}.Debug|Any CPU.ActiveCfg = Debug|Any CPU
		{033E694D-D1CC-4D49-96D7-F5D9B3834022}.Debug|Any CPU.Build.0 = Debug|Any CPU
		{033E694D-D1CC-4D49-96D7-F5D9B3834022}.Release|Any CPU.ActiveCfg = Release|Any CPU
		{033E694D-D1CC-4D49-96D7-F5D9B3834022}.Release|Any CPU.Build.0 = Release|Any CPU
		{3C9A2897-2B97-4537-B045-FC763635D225}.Debug|Any CPU.ActiveCfg = Debug|Any CPU
		{3C9A2897-2B97-4537-B045-FC763635D225}.Debug|Any CPU.Build.0 = Debug|Any CPU
		{3C9A2897-2B97-4537-B045-FC763635D225}.Release|Any CPU.ActiveCfg = Release|Any CPU
		{3C9A2897-2B97-4537-B045-FC763635D225}.Release|Any CPU.Build.0 = Release|Any CPU
		{21973C0C-1990-43CC-A933-23D2A39C0CCF}.Debug|Any CPU.ActiveCfg = Debug|Any CPU
		{21973C0C-1990-43CC-A933-23D2A39C0CCF}.Debug|Any CPU.Build.0 = Debug|Any CPU
		{21973C0C-1990-43CC-A933-23D2A39C0CCF}.Release|Any CPU.ActiveCfg = Release|Any CPU
		{21973C0C-1990-43CC-A933-23D2A39C0CCF}.Release|Any CPU.Build.0 = Release|Any CPU
	EndGlobalSection
	GlobalSection(SolutionProperties) = preSolution
		HideSolutionNode = FALSE
	EndGlobalSection
	GlobalSection(NestedProjects) = preSolution
		{F5608A75-348E-4815-9BB3-6D40A0357940} = {59A52361-1C48-4032-9E6E-DA1FE08FBA70}
		{4228D1F9-AF1D-4857-B8FF-4F1D9CE0B74C} = {59A52361-1C48-4032-9E6E-DA1FE08FBA70}
		{33B221A9-A490-4F3D-BF2A-C09F2D5D8AA8} = {59A52361-1C48-4032-9E6E-DA1FE08FBA70}
		{1FAD522E-CD5B-425D-8AF8-D47E6E045F6C} = {59A52361-1C48-4032-9E6E-DA1FE08FBA70}
		{033E694D-D1CC-4D49-96D7-F5D9B3834022} = {59A52361-1C48-4032-9E6E-DA1FE08FBA70}
		{3C9A2897-2B97-4537-B045-FC763635D225} = {4BEA77B4-1C8E-43FA-B782-03E81E709066}
		{21973C0C-1990-43CC-A933-23D2A39C0CCF} = {4BEA77B4-1C8E-43FA-B782-03E81E709066}
	EndGlobalSection
	GlobalSection(ExtensibilityGlobals) = postSolution
		SolutionGuid = {AF1F0263-4362-4859-BD75-F71669A160E0}
	EndGlobalSection
EndGlobal
